
Microsoft Visual Studio Solution File, Format Version 12.00
# Visual Studio Version 16
VisualStudioVersion = 16.0.32228.343
MinimumVisualStudioVersion = 10.0.40219.1
Project("{FAE04EC0-301F-11D3-BF4B-00C04F79EFBC}") = "MYSTORE", "MYSTORE\MYSTORE.csproj", "{750946F2-AEF5-4991-B80E-9C6D7585CA38}"
EndProject
Global
	GlobalSection(SolutionConfigurationPlatforms) = preSolution
		Debug|Any CPU = Debug|Any CPU
		Release|Any CPU = Release|Any CPU
	EndGlobalSection
	GlobalSection(ProjectConfigurationPlatforms) = postSolution
		{750946F2-AEF5-4991-B80E-9C6D7585CA38}.Debug|Any CPU.ActiveCfg = Debug|Any CPU
		{750946F2-AEF5-4991-B80E-9C6D7585CA38}.Debug|Any CPU.Build.0 = Debug|Any CPU
		{750946F2-AEF5-4991-B80E-9C6D7585CA38}.Release|Any CPU.ActiveCfg = Release|Any CPU
		{750946F2-AEF5-4991-B80E-9C6D7585CA38}.Release|Any CPU.Build.0 = Release|Any CPU
	EndGlobalSection
	GlobalSection(SolutionProperties) = preSolution
		HideSolutionNode = FALSE
	EndGlobalSection
	GlobalSection(ExtensibilityGlobals) = postSolution
		SolutionGuid = {3D215F91-BB9E-48F4-8260-895D34264086}
	EndGlobalSection
EndGlobal
